// !$*UTF8*$!
{
	archiveVersion = 1;
	classes = {
	};
	objectVersion = 56;
	objects = {

/* Begin PBXBuildFile section */
		E008B3D129619C4B00CEEB7B /* TableViewCell.swift in Sources */ = {isa = PBXBuildFile; fileRef = E008B3CF29619C4B00CEEB7B /* TableViewCell.swift */; };
		E008B3D229619C4B00CEEB7B /* TableViewCell.xib in Resources */ = {isa = PBXBuildFile; fileRef = E008B3D029619C4B00CEEB7B /* TableViewCell.xib */; };
		E026C54F295C244C000D1610 /* AppDelegate.swift in Sources */ = {isa = PBXBuildFile; fileRef = E026C54E295C244C000D1610 /* AppDelegate.swift */; };
		E026C551295C244C000D1610 /* SceneDelegate.swift in Sources */ = {isa = PBXBuildFile; fileRef = E026C550295C244C000D1610 /* SceneDelegate.swift */; };
		E026C553295C244C000D1610 /* WeatherViewController.swift in Sources */ = {isa = PBXBuildFile; fileRef = E026C552295C244C000D1610 /* WeatherViewController.swift */; };
		E026C556295C244C000D1610 /* Main.storyboard in Resources */ = {isa = PBXBuildFile; fileRef = E026C554295C244C000D1610 /* Main.storyboard */; };
		E026C559295C244C000D1610 /* Weather.xcdatamodeld in Sources */ = {isa = PBXBuildFile; fileRef = E026C557295C244C000D1610 /* Weather.xcdatamodeld */; };
		E026C55B295C244D000D1610 /* Assets.xcassets in Resources */ = {isa = PBXBuildFile; fileRef = E026C55A295C244D000D1610 /* Assets.xcassets */; };
		E026C55E295C244D000D1610 /* LaunchScreen.storyboard in Resources */ = {isa = PBXBuildFile; fileRef = E026C55C295C244D000D1610 /* LaunchScreen.storyboard */; };
		E026C569295C244E000D1610 /* WeatherTests.swift in Sources */ = {isa = PBXBuildFile; fileRef = E026C568295C244E000D1610 /* WeatherTests.swift */; };
		E026C573295C244E000D1610 /* WeatherUITests.swift in Sources */ = {isa = PBXBuildFile; fileRef = E026C572295C244E000D1610 /* WeatherUITests.swift */; };
		E026C575295C244E000D1610 /* WeatherUITestsLaunchTests.swift in Sources */ = {isa = PBXBuildFile; fileRef = E026C574295C244E000D1610 /* WeatherUITestsLaunchTests.swift */; };
		E026C582295C55B9000D1610 /* UIColorExtention.swift in Sources */ = {isa = PBXBuildFile; fileRef = E026C581295C55B9000D1610 /* UIColorExtention.swift */; };
		E026C585295C7EB8000D1610 /* Cell.swift in Sources */ = {isa = PBXBuildFile; fileRef = E026C583295C7EB8000D1610 /* Cell.swift */; };
		E026C586295C7EB8000D1610 /* Cell.xib in Resources */ = {isa = PBXBuildFile; fileRef = E026C584295C7EB8000D1610 /* Cell.xib */; };
		E05DA7BD2965357A008B42D8 /* UIImageViewExtension.swift in Sources */ = {isa = PBXBuildFile; fileRef = E05DA7BC2965357A008B42D8 /* UIImageViewExtension.swift */; };
		E08134E929F6ACAC00DC242E /* DateExtension.swift in Sources */ = {isa = PBXBuildFile; fileRef = E08134E829F6ACAC00DC242E /* DateExtension.swift */; };
		E0B91D5829C1C7DC005A0A6A /* NetworkRequests.swift in Sources */ = {isa = PBXBuildFile; fileRef = E0B91D5729C1C7DC005A0A6A /* NetworkRequests.swift */; };
		E0CAADFB29B5E520007A1A54 /* DataManager.swift in Sources */ = {isa = PBXBuildFile; fileRef = E0CAADFA29B5E520007A1A54 /* DataManager.swift */; };
		E0CD1ABD29EEA80700D2441A /* AlertManager.swift in Sources */ = {isa = PBXBuildFile; fileRef = E0CD1ABC29EEA80700D2441A /* AlertManager.swift */; };
		E0CD1ABF29EED3F600D2441A /* UIViewControllerExtensions.swift in Sources */ = {isa = PBXBuildFile; fileRef = E0CD1ABE29EED3F600D2441A /* UIViewControllerExtensions.swift */; };
		E0CD1AC129F25E4B00D2441A /* CGFloatExtensions.swift in Sources */ = {isa = PBXBuildFile; fileRef = E0CD1AC029F25E4B00D2441A /* CGFloatExtensions.swift */; };
		E0CD1AC529F26CAD00D2441A /* Repository.swift in Sources */ = {isa = PBXBuildFile; fileRef = E0CD1AC429F26CAD00D2441A /* Repository.swift */; };
		E0ECB2F2296B0A960042DA04 /* WeatherResponse.swift in Sources */ = {isa = PBXBuildFile; fileRef = E0ECB2F1296B0A960042DA04 /* WeatherResponse.swift */; };
		E0ECB2F4296B0ADE0042DA04 /* CityNameModel.swift in Sources */ = {isa = PBXBuildFile; fileRef = E0ECB2F3296B0ADE0042DA04 /* CityNameModel.swift */; };
/* End PBXBuildFile section */

/* Begin PBXContainerItemProxy section */
		E026C565295C244E000D1610 /* PBXContainerItemProxy */ = {
			isa = PBXContainerItemProxy;
			containerPortal = E026C543295C244C000D1610 /* Project object */;
			proxyType = 1;
			remoteGlobalIDString = E026C54A295C244C000D1610;
			remoteInfo = Weather;
		};
		E026C56F295C244E000D1610 /* PBXContainerItemProxy */ = {
			isa = PBXContainerItemProxy;
			containerPortal = E026C543295C244C000D1610 /* Project object */;
			proxyType = 1;
			remoteGlobalIDString = E026C54A295C244C000D1610;
			remoteInfo = Weather;
		};
/* End PBXContainerItemProxy section */

/* Begin PBXFileReference section */
		E008B3CF29619C4B00CEEB7B /* TableViewCell.swift */ = {isa = PBXFileReference; lastKnownFileType = sourcecode.swift; path = TableViewCell.swift; sourceTree = "<group>"; };
		E008B3D029619C4B00CEEB7B /* TableViewCell.xib */ = {isa = PBXFileReference; lastKnownFileType = file.xib; path = TableViewCell.xib; sourceTree = "<group>"; };
		E026C54B295C244C000D1610 /* Weather.app */ = {isa = PBXFileReference; explicitFileType = wrapper.application; includeInIndex = 0; path = Weather.app; sourceTree = BUILT_PRODUCTS_DIR; };
		E026C54E295C244C000D1610 /* AppDelegate.swift */ = {isa = PBXFileReference; lastKnownFileType = sourcecode.swift; path = AppDelegate.swift; sourceTree = "<group>"; };
		E026C550295C244C000D1610 /* SceneDelegate.swift */ = {isa = PBXFileReference; lastKnownFileType = sourcecode.swift; path = SceneDelegate.swift; sourceTree = "<group>"; };
		E026C552295C244C000D1610 /* WeatherViewController.swift */ = {isa = PBXFileReference; lastKnownFileType = sourcecode.swift; path = WeatherViewController.swift; sourceTree = "<group>"; };
		E026C555295C244C000D1610 /* Base */ = {isa = PBXFileReference; lastKnownFileType = file.storyboard; name = Base; path = Base.lproj/Main.storyboard; sourceTree = "<group>"; };
		E026C558295C244C000D1610 /* Weather.xcdatamodel */ = {isa = PBXFileReference; lastKnownFileType = wrapper.xcdatamodel; path = Weather.xcdatamodel; sourceTree = "<group>"; };
		E026C55A295C244D000D1610 /* Assets.xcassets */ = {isa = PBXFileReference; lastKnownFileType = folder.assetcatalog; path = Assets.xcassets; sourceTree = "<group>"; };
		E026C55D295C244D000D1610 /* Base */ = {isa = PBXFileReference; lastKnownFileType = file.storyboard; name = Base; path = Base.lproj/LaunchScreen.storyboard; sourceTree = "<group>"; };
		E026C55F295C244D000D1610 /* Info.plist */ = {isa = PBXFileReference; lastKnownFileType = text.plist.xml; path = Info.plist; sourceTree = "<group>"; };
		E026C564295C244E000D1610 /* WeatherTests.xctest */ = {isa = PBXFileReference; explicitFileType = wrapper.cfbundle; includeInIndex = 0; path = WeatherTests.xctest; sourceTree = BUILT_PRODUCTS_DIR; };
		E026C568295C244E000D1610 /* WeatherTests.swift */ = {isa = PBXFileReference; lastKnownFileType = sourcecode.swift; path = WeatherTests.swift; sourceTree = "<group>"; };
		E026C56E295C244E000D1610 /* WeatherUITests.xctest */ = {isa = PBXFileReference; explicitFileType = wrapper.cfbundle; includeInIndex = 0; path = WeatherUITests.xctest; sourceTree = BUILT_PRODUCTS_DIR; };
		E026C572295C244E000D1610 /* WeatherUITests.swift */ = {isa = PBXFileReference; lastKnownFileType = sourcecode.swift; path = WeatherUITests.swift; sourceTree = "<group>"; };
		E026C574295C244E000D1610 /* WeatherUITestsLaunchTests.swift */ = {isa = PBXFileReference; lastKnownFileType = sourcecode.swift; path = WeatherUITestsLaunchTests.swift; sourceTree = "<group>"; };
		E026C581295C55B9000D1610 /* UIColorExtention.swift */ = {isa = PBXFileReference; lastKnownFileType = sourcecode.swift; path = UIColorExtention.swift; sourceTree = "<group>"; };
		E026C583295C7EB8000D1610 /* Cell.swift */ = {isa = PBXFileReference; lastKnownFileType = sourcecode.swift; path = Cell.swift; sourceTree = "<group>"; };
		E026C584295C7EB8000D1610 /* Cell.xib */ = {isa = PBXFileReference; lastKnownFileType = file.xib; path = Cell.xib; sourceTree = "<group>"; };
		E05DA7BC2965357A008B42D8 /* UIImageViewExtension.swift */ = {isa = PBXFileReference; lastKnownFileType = sourcecode.swift; path = UIImageViewExtension.swift; sourceTree = "<group>"; };
		E08134E829F6ACAC00DC242E /* DateExtension.swift */ = {isa = PBXFileReference; lastKnownFileType = sourcecode.swift; path = DateExtension.swift; sourceTree = "<group>"; };
		E0B91D5729C1C7DC005A0A6A /* NetworkRequests.swift */ = {isa = PBXFileReference; lastKnownFileType = sourcecode.swift; path = NetworkRequests.swift; sourceTree = "<group>"; };
		E0CAADFA29B5E520007A1A54 /* DataManager.swift */ = {isa = PBXFileReference; lastKnownFileType = sourcecode.swift; path = DataManager.swift; sourceTree = "<group>"; };
		E0CD1ABC29EEA80700D2441A /* AlertManager.swift */ = {isa = PBXFileReference; lastKnownFileType = sourcecode.swift; path = AlertManager.swift; sourceTree = "<group>"; };
		E0CD1ABE29EED3F600D2441A /* UIViewControllerExtensions.swift */ = {isa = PBXFileReference; lastKnownFileType = sourcecode.swift; path = UIViewControllerExtensions.swift; sourceTree = "<group>"; };
		E0CD1AC029F25E4B00D2441A /* CGFloatExtensions.swift */ = {isa = PBXFileReference; lastKnownFileType = sourcecode.swift; path = CGFloatExtensions.swift; sourceTree = "<group>"; };
		E0CD1AC429F26CAD00D2441A /* Repository.swift */ = {isa = PBXFileReference; lastKnownFileType = sourcecode.swift; path = Repository.swift; sourceTree = "<group>"; };
		E0ECB2F1296B0A960042DA04 /* WeatherResponse.swift */ = {isa = PBXFileReference; lastKnownFileType = sourcecode.swift; path = WeatherResponse.swift; sourceTree = "<group>"; };
		E0ECB2F3296B0ADE0042DA04 /* CityNameModel.swift */ = {isa = PBXFileReference; lastKnownFileType = sourcecode.swift; path = CityNameModel.swift; sourceTree = "<group>"; };
/* End PBXFileReference section */

/* Begin PBXFrameworksBuildPhase section */
		E026C548295C244C000D1610 /* Frameworks */ = {
			isa = PBXFrameworksBuildPhase;
			buildActionMask = 2147483647;
			files = (
			);
			runOnlyForDeploymentPostprocessing = 0;
		};
		E026C561295C244E000D1610 /* Frameworks */ = {
			isa = PBXFrameworksBuildPhase;
			buildActionMask = 2147483647;
			files = (
			);
			runOnlyForDeploymentPostprocessing = 0;
		};
		E026C56B295C244E000D1610 /* Frameworks */ = {
			isa = PBXFrameworksBuildPhase;
			buildActionMask = 2147483647;
			files = (
			);
			runOnlyForDeploymentPostprocessing = 0;
		};
/* End PBXFrameworksBuildPhase section */

/* Begin PBXGroup section */
		E008B3CE29619C3400CEEB7B /* TableView Cell */ = {
			isa = PBXGroup;
			children = (
				E008B3CF29619C4B00CEEB7B /* TableViewCell.swift */,
				E008B3D029619C4B00CEEB7B /* TableViewCell.xib */,
			);
			path = "TableView Cell";
			sourceTree = "<group>";
		};
		E026C542295C244C000D1610 = {
			isa = PBXGroup;
			children = (
				E026C54D295C244C000D1610 /* Weather */,
				E026C567295C244E000D1610 /* WeatherTests */,
				E026C571295C244E000D1610 /* WeatherUITests */,
				E026C54C295C244C000D1610 /* Products */,
			);
			sourceTree = "<group>";
		};
		E026C54C295C244C000D1610 /* Products */ = {
			isa = PBXGroup;
			children = (
				E026C54B295C244C000D1610 /* Weather.app */,
				E026C564295C244E000D1610 /* WeatherTests.xctest */,
				E026C56E295C244E000D1610 /* WeatherUITests.xctest */,
			);
			name = Products;
			sourceTree = "<group>";
		};
		E026C54D295C244C000D1610 /* Weather */ = {
			isa = PBXGroup;
			children = (
				E0CD1ABB29EEA7D500D2441A /* Helpers */,
				E0CD1AC329F26BC800D2441A /* Repository */,
				E080DC68295EBF57000D0349 /* Models */,
				E0CD1AC229F26B9000D2441A /* CustomViews */,
				E080DC69295EBF79000D0349 /* View Controller */,
				E026C54E295C244C000D1610 /* AppDelegate.swift */,
				E026C550295C244C000D1610 /* SceneDelegate.swift */,
				E026C554295C244C000D1610 /* Main.storyboard */,
				E026C55C295C244D000D1610 /* LaunchScreen.storyboard */,
				E026C55A295C244D000D1610 /* Assets.xcassets */,
				E026C55F295C244D000D1610 /* Info.plist */,
				E026C557295C244C000D1610 /* Weather.xcdatamodeld */,
			);
			path = Weather;
			sourceTree = "<group>";
		};
		E026C567295C244E000D1610 /* WeatherTests */ = {
			isa = PBXGroup;
			children = (
				E026C568295C244E000D1610 /* WeatherTests.swift */,
			);
			path = WeatherTests;
			sourceTree = "<group>";
		};
		E026C571295C244E000D1610 /* WeatherUITests */ = {
			isa = PBXGroup;
			children = (
				E026C572295C244E000D1610 /* WeatherUITests.swift */,
				E026C574295C244E000D1610 /* WeatherUITestsLaunchTests.swift */,
			);
			path = WeatherUITests;
			sourceTree = "<group>";
		};
		E080DC68295EBF57000D0349 /* Models */ = {
			isa = PBXGroup;
			children = (
				E0ECB2F1296B0A960042DA04 /* WeatherResponse.swift */,
				E0ECB2F3296B0ADE0042DA04 /* CityNameModel.swift */,
			);
			path = Models;
			sourceTree = "<group>";
		};
		E080DC69295EBF79000D0349 /* View Controller */ = {
			isa = PBXGroup;
			children = (
				E026C552295C244C000D1610 /* WeatherViewController.swift */,
			);
			path = "View Controller";
			sourceTree = "<group>";
		};
		E080DC6A295EBF93000D0349 /* Extensions */ = {
			isa = PBXGroup;
			children = (
				E0CD1AC029F25E4B00D2441A /* CGFloatExtensions.swift */,
				E026C581295C55B9000D1610 /* UIColorExtention.swift */,
				E05DA7BC2965357A008B42D8 /* UIImageViewExtension.swift */,
				E0CD1ABE29EED3F600D2441A /* UIViewControllerExtensions.swift */,
				E08134E829F6ACAC00DC242E /* DateExtension.swift */,
			);
			path = Extensions;
			sourceTree = "<group>";
		};
		E080DC6B2960358F000D0349 /* CollectionView Cell */ = {
			isa = PBXGroup;
			children = (
				E026C583295C7EB8000D1610 /* Cell.swift */,
				E026C584295C7EB8000D1610 /* Cell.xib */,
			);
			path = "CollectionView Cell";
			sourceTree = "<group>";
		};
		E0B91D5629C1C70C005A0A6A /* Network Layer */ = {
			isa = PBXGroup;
			children = (
				E0B91D5729C1C7DC005A0A6A /* NetworkRequests.swift */,
			);
			path = "Network Layer";
			sourceTree = "<group>";
		};
		E0CAADF929B5E50B007A1A54 /* DataManager */ = {
			isa = PBXGroup;
			children = (
				E0CAADFA29B5E520007A1A54 /* DataManager.swift */,
			);
			path = DataManager;
			sourceTree = "<group>";
		};
		E0CD1ABB29EEA7D500D2441A /* Helpers */ = {
			isa = PBXGroup;
			children = (
				E080DC6A295EBF93000D0349 /* Extensions */,
				E0CD1ABC29EEA80700D2441A /* AlertManager.swift */,
			);
			path = Helpers;
			sourceTree = "<group>";
		};
		E0CD1AC229F26B9000D2441A /* CustomViews */ = {
			isa = PBXGroup;
			children = (
				E080DC6B2960358F000D0349 /* CollectionView Cell */,
				E008B3CE29619C3400CEEB7B /* TableView Cell */,
			);
			path = CustomViews;
			sourceTree = "<group>";
		};
		E0CD1AC329F26BC800D2441A /* Repository */ = {
			isa = PBXGroup;
			children = (
				E0CD1AC429F26CAD00D2441A /* Repository.swift */,
				E0CAADF929B5E50B007A1A54 /* DataManager */,
				E0B91D5629C1C70C005A0A6A /* Network Layer */,
			);
			path = Repository;
			sourceTree = "<group>";
		};
/* End PBXGroup section */

/* Begin PBXNativeTarget section */
		E026C54A295C244C000D1610 /* Weather */ = {
			isa = PBXNativeTarget;
			buildConfigurationList = E026C578295C244E000D1610 /* Build configuration list for PBXNativeTarget "Weather" */;
			buildPhases = (
				E026C547295C244C000D1610 /* Sources */,
				E026C548295C244C000D1610 /* Frameworks */,
				E026C549295C244C000D1610 /* Resources */,
			);
			buildRules = (
			);
			dependencies = (
			);
			name = Weather;
			productName = Weather;
			productReference = E026C54B295C244C000D1610 /* Weather.app */;
			productType = "com.apple.product-type.application";
		};
		E026C563295C244E000D1610 /* WeatherTests */ = {
			isa = PBXNativeTarget;
			buildConfigurationList = E026C57B295C244E000D1610 /* Build configuration list for PBXNativeTarget "WeatherTests" */;
			buildPhases = (
				E026C560295C244E000D1610 /* Sources */,
				E026C561295C244E000D1610 /* Frameworks */,
				E026C562295C244E000D1610 /* Resources */,
			);
			buildRules = (
			);
			dependencies = (
				E026C566295C244E000D1610 /* PBXTargetDependency */,
			);
			name = WeatherTests;
			productName = WeatherTests;
			productReference = E026C564295C244E000D1610 /* WeatherTests.xctest */;
			productType = "com.apple.product-type.bundle.unit-test";
		};
		E026C56D295C244E000D1610 /* WeatherUITests */ = {
			isa = PBXNativeTarget;
			buildConfigurationList = E026C57E295C244E000D1610 /* Build configuration list for PBXNativeTarget "WeatherUITests" */;
			buildPhases = (
				E026C56A295C244E000D1610 /* Sources */,
				E026C56B295C244E000D1610 /* Frameworks */,
				E026C56C295C244E000D1610 /* Resources */,
			);
			buildRules = (
			);
			dependencies = (
				E026C570295C244E000D1610 /* PBXTargetDependency */,
			);
			name = WeatherUITests;
			productName = WeatherUITests;
			productReference = E026C56E295C244E000D1610 /* WeatherUITests.xctest */;
			productType = "com.apple.product-type.bundle.ui-testing";
		};
/* End PBXNativeTarget section */

/* Begin PBXProject section */
		E026C543295C244C000D1610 /* Project object */ = {
			isa = PBXProject;
			attributes = {
				BuildIndependentTargetsInParallel = 1;
				LastSwiftUpdateCheck = 1410;
				LastUpgradeCheck = 1410;
				TargetAttributes = {
					E026C54A295C244C000D1610 = {
						CreatedOnToolsVersion = 14.1;
					};
					E026C563295C244E000D1610 = {
						CreatedOnToolsVersion = 14.1;
						TestTargetID = E026C54A295C244C000D1610;
					};
					E026C56D295C244E000D1610 = {
						CreatedOnToolsVersion = 14.1;
						TestTargetID = E026C54A295C244C000D1610;
					};
				};
			};
			buildConfigurationList = E026C546295C244C000D1610 /* Build configuration list for PBXProject "Weather" */;
			compatibilityVersion = "Xcode 14.0";
			developmentRegion = en;
			hasScannedForEncodings = 0;
			knownRegions = (
				en,
				Base,
			);
			mainGroup = E026C542295C244C000D1610;
			productRefGroup = E026C54C295C244C000D1610 /* Products */;
			projectDirPath = "";
			projectRoot = "";
			targets = (
				E026C54A295C244C000D1610 /* Weather */,
				E026C563295C244E000D1610 /* WeatherTests */,
				E026C56D295C244E000D1610 /* WeatherUITests */,
			);
		};
/* End PBXProject section */

/* Begin PBXResourcesBuildPhase section */
		E026C549295C244C000D1610 /* Resources */ = {
			isa = PBXResourcesBuildPhase;
			buildActionMask = 2147483647;
			files = (
				E026C55E295C244D000D1610 /* LaunchScreen.storyboard in Resources */,
				E008B3D229619C4B00CEEB7B /* TableViewCell.xib in Resources */,
				E026C586295C7EB8000D1610 /* Cell.xib in Resources */,
				E026C55B295C244D000D1610 /* Assets.xcassets in Resources */,
				E026C556295C244C000D1610 /* Main.storyboard in Resources */,
			);
			runOnlyForDeploymentPostprocessing = 0;
		};
		E026C562295C244E000D1610 /* Resources */ = {
			isa = PBXResourcesBuildPhase;
			buildActionMask = 2147483647;
			files = (
			);
			runOnlyForDeploymentPostprocessing = 0;
		};
		E026C56C295C244E000D1610 /* Resources */ = {
			isa = PBXResourcesBuildPhase;
			buildActionMask = 2147483647;
			files = (
			);
			runOnlyForDeploymentPostprocessing = 0;
		};
/* End PBXResourcesBuildPhase section */

/* Begin PBXSourcesBuildPhase section */
		E026C547295C244C000D1610 /* Sources */ = {
			isa = PBXSourcesBuildPhase;
			buildActionMask = 2147483647;
			files = (
				E05DA7BD2965357A008B42D8 /* UIImageViewExtension.swift in Sources */,
				E08134E929F6ACAC00DC242E /* DateExtension.swift in Sources */,
				E008B3D129619C4B00CEEB7B /* TableViewCell.swift in Sources */,
				E0CAADFB29B5E520007A1A54 /* DataManager.swift in Sources */,
				E026C559295C244C000D1610 /* Weather.xcdatamodeld in Sources */,
				E0CD1AC129F25E4B00D2441A /* CGFloatExtensions.swift in Sources */,
				E026C553295C244C000D1610 /* WeatherViewController.swift in Sources */,
				E0CD1ABD29EEA80700D2441A /* AlertManager.swift in Sources */,
				E0CD1ABF29EED3F600D2441A /* UIViewControllerExtensions.swift in Sources */,
				E026C582295C55B9000D1610 /* UIColorExtention.swift in Sources */,
				E0ECB2F4296B0ADE0042DA04 /* CityNameModel.swift in Sources */,
				E026C54F295C244C000D1610 /* AppDelegate.swift in Sources */,
				E0CD1AC529F26CAD00D2441A /* Repository.swift in Sources */,
				E026C551295C244C000D1610 /* SceneDelegate.swift in Sources */,
				E0B91D5829C1C7DC005A0A6A /* NetworkRequests.swift in Sources */,
				E0ECB2F2296B0A960042DA04 /* WeatherResponse.swift in Sources */,
				E026C585295C7EB8000D1610 /* Cell.swift in Sources */,
			);
			runOnlyForDeploymentPostprocessing = 0;
		};
		E026C560295C244E000D1610 /* Sources */ = {
			isa = PBXSourcesBuildPhase;
			buildActionMask = 2147483647;
			files = (
				E026C569295C244E000D1610 /* WeatherTests.swift in Sources */,
			);
			runOnlyForDeploymentPostprocessing = 0;
		};
		E026C56A295C244E000D1610 /* Sources */ = {
			isa = PBXSourcesBuildPhase;
			buildActionMask = 2147483647;
			files = (
				E026C573295C244E000D1610 /* WeatherUITests.swift in Sources */,
				E026C575295C244E000D1610 /* WeatherUITestsLaunchTests.swift in Sources */,
			);
			runOnlyForDeploymentPostprocessing = 0;
		};
/* End PBXSourcesBuildPhase section */

/* Begin PBXTargetDependency section */
		E026C566295C244E000D1610 /* PBXTargetDependency */ = {
			isa = PBXTargetDependency;
			target = E026C54A295C244C000D1610 /* Weather */;
			targetProxy = E026C565295C244E000D1610 /* PBXContainerItemProxy */;
		};
		E026C570295C244E000D1610 /* PBXTargetDependency */ = {
			isa = PBXTargetDependency;
			target = E026C54A295C244C000D1610 /* Weather */;
			targetProxy = E026C56F295C244E000D1610 /* PBXContainerItemProxy */;
		};
/* End PBXTargetDependency section */

/* Begin PBXVariantGroup section */
		E026C554295C244C000D1610 /* Main.storyboard */ = {
			isa = PBXVariantGroup;
			children = (
				E026C555295C244C000D1610 /* Base */,
			);
			name = Main.storyboard;
			sourceTree = "<group>";
		};
		E026C55C295C244D000D1610 /* LaunchScreen.storyboard */ = {
			isa = PBXVariantGroup;
			children = (
				E026C55D295C244D000D1610 /* Base */,
			);
			name = LaunchScreen.storyboard;
			sourceTree = "<group>";
		};
/* End PBXVariantGroup section */

/* Begin XCBuildConfiguration section */
		E026C576295C244E000D1610 /* Debug */ = {
			isa = XCBuildConfiguration;
			buildSettings = {
				ALWAYS_SEARCH_USER_PATHS = NO;
				CLANG_ANALYZER_NONNULL = YES;
				CLANG_ANALYZER_NUMBER_OBJECT_CONVERSION = YES_AGGRESSIVE;
				CLANG_CXX_LANGUAGE_STANDARD = "gnu++20";
				CLANG_ENABLE_MODULES = YES;
				CLANG_ENABLE_OBJC_ARC = YES;
				CLANG_ENABLE_OBJC_WEAK = YES;
				CLANG_WARN_BLOCK_CAPTURE_AUTORELEASING = YES;
				CLANG_WARN_BOOL_CONVERSION = YES;
				CLANG_WARN_COMMA = YES;
				CLANG_WARN_CONSTANT_CONVERSION = YES;
				CLANG_WARN_DEPRECATED_OBJC_IMPLEMENTATIONS = YES;
				CLANG_WARN_DIRECT_OBJC_ISA_USAGE = YES_ERROR;
				CLANG_WARN_DOCUMENTATION_COMMENTS = YES;
				CLANG_WARN_EMPTY_BODY = YES;
				CLANG_WARN_ENUM_CONVERSION = YES;
				CLANG_WARN_INFINITE_RECURSION = YES;
				CLANG_WARN_INT_CONVERSION = YES;
				CLANG_WARN_NON_LITERAL_NULL_CONVERSION = YES;
				CLANG_WARN_OBJC_IMPLICIT_RETAIN_SELF = YES;
				CLANG_WARN_OBJC_LITERAL_CONVERSION = YES;
				CLANG_WARN_OBJC_ROOT_CLASS = YES_ERROR;
				CLANG_WARN_QUOTED_INCLUDE_IN_FRAMEWORK_HEADER = YES;
				CLANG_WARN_RANGE_LOOP_ANALYSIS = YES;
				CLANG_WARN_STRICT_PROTOTYPES = YES;
				CLANG_WARN_SUSPICIOUS_MOVE = YES;
				CLANG_WARN_UNGUARDED_AVAILABILITY = YES_AGGRESSIVE;
				CLANG_WARN_UNREACHABLE_CODE = YES;
				CLANG_WARN__DUPLICATE_METHOD_MATCH = YES;
				COPY_PHASE_STRIP = NO;
				DEBUG_INFORMATION_FORMAT = dwarf;
				ENABLE_STRICT_OBJC_MSGSEND = YES;
				ENABLE_TESTABILITY = YES;
				GCC_C_LANGUAGE_STANDARD = gnu11;
				GCC_DYNAMIC_NO_PIC = NO;
				GCC_NO_COMMON_BLOCKS = YES;
				GCC_OPTIMIZATION_LEVEL = 0;
				GCC_PREPROCESSOR_DEFINITIONS = (
					"DEBUG=1",
					"$(inherited)",
				);
				GCC_WARN_64_TO_32_BIT_CONVERSION = YES;
				GCC_WARN_ABOUT_RETURN_TYPE = YES_ERROR;
				GCC_WARN_UNDECLARED_SELECTOR = YES;
				GCC_WARN_UNINITIALIZED_AUTOS = YES_AGGRESSIVE;
				GCC_WARN_UNUSED_FUNCTION = YES;
				GCC_WARN_UNUSED_VARIABLE = YES;
				IPHONEOS_DEPLOYMENT_TARGET = 13.0;
				MTL_ENABLE_DEBUG_INFO = INCLUDE_SOURCE;
				MTL_FAST_MATH = YES;
				ONLY_ACTIVE_ARCH = YES;
				SDKROOT = iphoneos;
				SWIFT_ACTIVE_COMPILATION_CONDITIONS = DEBUG;
				SWIFT_OPTIMIZATION_LEVEL = "-Onone";
			};
			name = Debug;
		};
		E026C577295C244E000D1610 /* Release */ = {
			isa = XCBuildConfiguration;
			buildSettings = {
				ALWAYS_SEARCH_USER_PATHS = NO;
				CLANG_ANALYZER_NONNULL = YES;
				CLANG_ANALYZER_NUMBER_OBJECT_CONVERSION = YES_AGGRESSIVE;
				CLANG_CXX_LANGUAGE_STANDARD = "gnu++20";
				CLANG_ENABLE_MODULES = YES;
				CLANG_ENABLE_OBJC_ARC = YES;
				CLANG_ENABLE_OBJC_WEAK = YES;
				CLANG_WARN_BLOCK_CAPTURE_AUTORELEASING = YES;
				CLANG_WARN_BOOL_CONVERSION = YES;
				CLANG_WARN_COMMA = YES;
				CLANG_WARN_CONSTANT_CONVERSION = YES;
				CLANG_WARN_DEPRECATED_OBJC_IMPLEMENTATIONS = YES;
				CLANG_WARN_DIRECT_OBJC_ISA_USAGE = YES_ERROR;
				CLANG_WARN_DOCUMENTATION_COMMENTS = YES;
				CLANG_WARN_EMPTY_BODY = YES;
				CLANG_WARN_ENUM_CONVERSION = YES;
				CLANG_WARN_INFINITE_RECURSION = YES;
				CLANG_WARN_INT_CONVERSION = YES;
				CLANG_WARN_NON_LITERAL_NULL_CONVERSION = YES;
				CLANG_WARN_OBJC_IMPLICIT_RETAIN_SELF = YES;
				CLANG_WARN_OBJC_LITERAL_CONVERSION = YES;
				CLANG_WARN_OBJC_ROOT_CLASS = YES_ERROR;
				CLANG_WARN_QUOTED_INCLUDE_IN_FRAMEWORK_HEADER = YES;
				CLANG_WARN_RANGE_LOOP_ANALYSIS = YES;
				CLANG_WARN_STRICT_PROTOTYPES = YES;
				CLANG_WARN_SUSPICIOUS_MOVE = YES;
				CLANG_WARN_UNGUARDED_AVAILABILITY = YES_AGGRESSIVE;
				CLANG_WARN_UNREACHABLE_CODE = YES;
				CLANG_WARN__DUPLICATE_METHOD_MATCH = YES;
				COPY_PHASE_STRIP = NO;
				DEBUG_INFORMATION_FORMAT = "dwarf-with-dsym";
				ENABLE_NS_ASSERTIONS = NO;
				ENABLE_STRICT_OBJC_MSGSEND = YES;
				GCC_C_LANGUAGE_STANDARD = gnu11;
				GCC_NO_COMMON_BLOCKS = YES;
				GCC_WARN_64_TO_32_BIT_CONVERSION = YES;
				GCC_WARN_ABOUT_RETURN_TYPE = YES_ERROR;
				GCC_WARN_UNDECLARED_SELECTOR = YES;
				GCC_WARN_UNINITIALIZED_AUTOS = YES_AGGRESSIVE;
				GCC_WARN_UNUSED_FUNCTION = YES;
				GCC_WARN_UNUSED_VARIABLE = YES;
				IPHONEOS_DEPLOYMENT_TARGET = 13.0;
				MTL_ENABLE_DEBUG_INFO = NO;
				MTL_FAST_MATH = YES;
				SDKROOT = iphoneos;
				SWIFT_COMPILATION_MODE = wholemodule;
				SWIFT_OPTIMIZATION_LEVEL = "-O";
				VALIDATE_PRODUCT = YES;
			};
			name = Release;
		};
		E026C579295C244E000D1610 /* Debug */ = {
			isa = XCBuildConfiguration;
			buildSettings = {
				ASSETCATALOG_COMPILER_APPICON_NAME = AppIcon;
				ASSETCATALOG_COMPILER_GLOBAL_ACCENT_COLOR_NAME = AccentColor;
				CODE_SIGN_STYLE = Automatic;
				CURRENT_PROJECT_VERSION = 1;
				DEVELOPMENT_TEAM = NA979M4P72;
				GENERATE_INFOPLIST_FILE = YES;
				INFOPLIST_FILE = Weather/Info.plist;
				INFOPLIST_KEY_UIApplicationSupportsIndirectInputEvents = YES;
				INFOPLIST_KEY_UILaunchStoryboardName = LaunchScreen;
				INFOPLIST_KEY_UIMainStoryboardFile = Main;
				INFOPLIST_KEY_UIRequiresFullScreen = NO;
				INFOPLIST_KEY_UIStatusBarStyle = UIStatusBarStyleLightContent;
				INFOPLIST_KEY_UISupportedInterfaceOrientations_iPad = "UIInterfaceOrientationPortrait UIInterfaceOrientationPortraitUpsideDown UIInterfaceOrientationLandscapeLeft UIInterfaceOrientationLandscapeRight";
				INFOPLIST_KEY_UISupportedInterfaceOrientations_iPhone = "UIInterfaceOrientationPortrait UIInterfaceOrientationLandscapeLeft UIInterfaceOrientationLandscapeRight";
				INFOPLIST_KEY_UIUserInterfaceStyle = Light;
				IPHONEOS_DEPLOYMENT_TARGET = 16.1;
				LD_RUNPATH_SEARCH_PATHS = (
					"$(inherited)",
					"@executable_path/Frameworks",
				);
				MARKETING_VERSION = 1.0;
				PRODUCT_BUNDLE_IDENTIFIER = com.ebcom.Weather;
				PRODUCT_NAME = "$(TARGET_NAME)";
				SWIFT_EMIT_LOC_STRINGS = YES;
				SWIFT_VERSION = 5.0;
				TARGETED_DEVICE_FAMILY = "1,2";
			};
			name = Debug;
		};
		E026C57A295C244E000D1610 /* Release */ = {
			isa = XCBuildConfiguration;
			buildSettings = {
				ASSETCATALOG_COMPILER_APPICON_NAME = AppIcon;
				ASSETCATALOG_COMPILER_GLOBAL_ACCENT_COLOR_NAME = AccentColor;
				CODE_SIGN_STYLE = Automatic;
				CURRENT_PROJECT_VERSION = 1;
				DEVELOPMENT_TEAM = NA979M4P72;
				GENERATE_INFOPLIST_FILE = YES;
				INFOPLIST_FILE = Weather/Info.plist;
				INFOPLIST_KEY_UIApplicationSupportsIndirectInputEvents = YES;
				INFOPLIST_KEY_UILaunchStoryboardName = LaunchScreen;
				INFOPLIST_KEY_UIMainStoryboardFile = Main;
				INFOPLIST_KEY_UIRequiresFullScreen = NO;
				INFOPLIST_KEY_UIStatusBarStyle = UIStatusBarStyleLightContent;
				INFOPLIST_KEY_UISupportedInterfaceOrientations_iPad = "UIInterfaceOrientationPortrait UIInterfaceOrientationPortraitUpsideDown UIInterfaceOrientationLandscapeLeft UIInterfaceOrientationLandscapeRight";
				INFOPLIST_KEY_UISupportedInterfaceOrientations_iPhone = "UIInterfaceOrientationPortrait UIInterfaceOrientationLandscapeLeft UIInterfaceOrientationLandscapeRight";
				INFOPLIST_KEY_UIUserInterfaceStyle = Light;
				IPHONEOS_DEPLOYMENT_TARGET = 16.1;
				LD_RUNPATH_SEARCH_PATHS = (
					"$(inherited)",
					"@executable_path/Frameworks",
				);
				MARKETING_VERSION = 1.0;
				PRODUCT_BUNDLE_IDENTIFIER = com.ebcom.Weather;
				PRODUCT_NAME = "$(TARGET_NAME)";
				SWIFT_EMIT_LOC_STRINGS = YES;
				SWIFT_VERSION = 5.0;
				TARGETED_DEVICE_FAMILY = "1,2";
			};
			name = Release;
		};
		E026C57C295C244E000D1610 /* Debug */ = {
			isa = XCBuildConfiguration;
			buildSettings = {
				ALWAYS_EMBED_SWIFT_STANDARD_LIBRARIES = YES;
				BUNDLE_LOADER = "$(TEST_HOST)";
				CODE_SIGN_STYLE = Automatic;
				CURRENT_PROJECT_VERSION = 1;
				GENERATE_INFOPLIST_FILE = YES;
				IPHONEOS_DEPLOYMENT_TARGET = 16.1;
				MARKETING_VERSION = 1.0;
				PRODUCT_BUNDLE_IDENTIFIER = com.ebcom.WeatherTests;
				PRODUCT_NAME = "$(TARGET_NAME)";
				SWIFT_EMIT_LOC_STRINGS = NO;
				SWIFT_VERSION = 5.0;
				TARGETED_DEVICE_FAMILY = "1,2";
				TEST_HOST = "$(BUILT_PRODUCTS_DIR)/Weather.app/$(BUNDLE_EXECUTABLE_FOLDER_PATH)/Weather";
			};
			name = Debug;
		};
		E026C57D295C244E000D1610 /* Release */ = {
			isa = XCBuildConfiguration;
			buildSettings = {
				ALWAYS_EMBED_SWIFT_STANDARD_LIBRARIES = YES;
				BUNDLE_LOADER = "$(TEST_HOST)";
				CODE_SIGN_STYLE = Automatic;
				CURRENT_PROJECT_VERSION = 1;
				GENERATE_INFOPLIST_FILE = YES;
				IPHONEOS_DEPLOYMENT_TARGET = 16.1;
				MARKETING_VERSION = 1.0;
				PRODUCT_BUNDLE_IDENTIFIER = com.ebcom.WeatherTests;
				PRODUCT_NAME = "$(TARGET_NAME)";
				SWIFT_EMIT_LOC_STRINGS = NO;
				SWIFT_VERSION = 5.0;
				TARGETED_DEVICE_FAMILY = "1,2";
				TEST_HOST = "$(BUILT_PRODUCTS_DIR)/Weather.app/$(BUNDLE_EXECUTABLE_FOLDER_PATH)/Weather";
			};
			name = Release;
		};
		E026C57F295C244E000D1610 /* Debug */ = {
			isa = XCBuildConfiguration;
			buildSettings = {
				ALWAYS_EMBED_SWIFT_STANDARD_LIBRARIES = YES;
				CODE_SIGN_STYLE = Automatic;
				CURRENT_PROJECT_VERSION = 1;
				GENERATE_INFOPLIST_FILE = YES;
				MARKETING_VERSION = 1.0;
				PRODUCT_BUNDLE_IDENTIFIER = com.ebcom.WeatherUITests;
				PRODUCT_NAME = "$(TARGET_NAME)";
				SWIFT_EMIT_LOC_STRINGS = NO;
				SWIFT_VERSION = 5.0;
				TARGETED_DEVICE_FAMILY = "1,2";
				TEST_TARGET_NAME = Weather;
			};
			name = Debug;
		};
		E026C580295C244E000D1610 /* Release */ = {
			isa = XCBuildConfiguration;
			buildSettings = {
				ALWAYS_EMBED_SWIFT_STANDARD_LIBRARIES = YES;
				CODE_SIGN_STYLE = Automatic;
				CURRENT_PROJECT_VERSION = 1;
				GENERATE_INFOPLIST_FILE = YES;
				MARKETING_VERSION = 1.0;
				PRODUCT_BUNDLE_IDENTIFIER = com.ebcom.WeatherUITests;
				PRODUCT_NAME = "$(TARGET_NAME)";
				SWIFT_EMIT_LOC_STRINGS = NO;
				SWIFT_VERSION = 5.0;
				TARGETED_DEVICE_FAMILY = "1,2";
				TEST_TARGET_NAME = Weather;
			};
			name = Release;
		};
/* End XCBuildConfiguration section */

/* Begin XCConfigurationList section */
		E026C546295C244C000D1610 /* Build configuration list for PBXProject "Weather" */ = {
			isa = XCConfigurationList;
			buildConfigurations = (
				E026C576295C244E000D1610 /* Debug */,
				E026C577295C244E000D1610 /* Release */,
			);
			defaultConfigurationIsVisible = 0;
			defaultConfigurationName = Release;
		};
		E026C578295C244E000D1610 /* Build configuration list for PBXNativeTarget "Weather" */ = {
			isa = XCConfigurationList;
			buildConfigurations = (
				E026C579295C244E000D1610 /* Debug */,
				E026C57A295C244E000D1610 /* Release */,
			);
			defaultConfigurationIsVisible = 0;
			defaultConfigurationName = Release;
		};
		E026C57B295C244E000D1610 /* Build configuration list for PBXNativeTarget "WeatherTests" */ = {
			isa = XCConfigurationList;
			buildConfigurations = (
				E026C57C295C244E000D1610 /* Debug */,
				E026C57D295C244E000D1610 /* Release */,
			);
			defaultConfigurationIsVisible = 0;
			defaultConfigurationName = Release;
		};
		E026C57E295C244E000D1610 /* Build configuration list for PBXNativeTarget "WeatherUITests" */ = {
			isa = XCConfigurationList;
			buildConfigurations = (
				E026C57F295C244E000D1610 /* Debug */,
				E026C580295C244E000D1610 /* Release */,
			);
			defaultConfigurationIsVisible = 0;
			defaultConfigurationName = Release;
		};
/* End XCConfigurationList section */

/* Begin XCVersionGroup section */
		E026C557295C244C000D1610 /* Weather.xcdatamodeld */ = {
			isa = XCVersionGroup;
			children = (
				E026C558295C244C000D1610 /* Weather.xcdatamodel */,
			);
			currentVersion = E026C558295C244C000D1610 /* Weather.xcdatamodel */;
			path = Weather.xcdatamodeld;
			sourceTree = "<group>";
			versionGroupType = wrapper.xcdatamodel;
		};
/* End XCVersionGroup section */
	};
	rootObject = E026C543295C244C000D1610 /* Project object */;
}
